// !$*UTF8*$!
{
	archiveVersion = 1;
	classes = {
	};
	objectVersion = 55;
	objects = {

/* Begin PBXBuildFile section */
		B752912827555A6200D4A8A7 /* H4X0RApp.swift in Sources */ = {isa = PBXBuildFile; fileRef = B752912727555A6200D4A8A7 /* H4X0RApp.swift */; };
		B752912A27555A6200D4A8A7 /* ContentView.swift in Sources */ = {isa = PBXBuildFile; fileRef = B752912927555A6200D4A8A7 /* ContentView.swift */; };
		B752912C27555A6400D4A8A7 /* Assets.xcassets in Resources */ = {isa = PBXBuildFile; fileRef = B752912B27555A6400D4A8A7 /* Assets.xcassets */; };
		B752912F27555A6400D4A8A7 /* Preview Assets.xcassets in Resources */ = {isa = PBXBuildFile; fileRef = B752912E27555A6400D4A8A7 /* Preview Assets.xcassets */; };
		B752913927555A6400D4A8A7 /* H4X0RTests.swift in Sources */ = {isa = PBXBuildFile; fileRef = B752913827555A6400D4A8A7 /* H4X0RTests.swift */; };
		B752914327555A6400D4A8A7 /* H4X0RUITests.swift in Sources */ = {isa = PBXBuildFile; fileRef = B752914227555A6400D4A8A7 /* H4X0RUITests.swift */; };
		B752914527555A6400D4A8A7 /* H4X0RUITestsLaunchTests.swift in Sources */ = {isa = PBXBuildFile; fileRef = B752914427555A6400D4A8A7 /* H4X0RUITestsLaunchTests.swift */; };
		B752915327555C9500D4A8A7 /* NetworkManager.swift in Sources */ = {isa = PBXBuildFile; fileRef = B752915227555C9500D4A8A7 /* NetworkManager.swift */; };
		B752915727555DD400D4A8A7 /* Post.swift in Sources */ = {isa = PBXBuildFile; fileRef = B752915627555DD400D4A8A7 /* Post.swift */; };
		B752915A2755709C00D4A8A7 /* DetailsView.swift in Sources */ = {isa = PBXBuildFile; fileRef = B75291592755709C00D4A8A7 /* DetailsView.swift */; };
		B752915C2755784800D4A8A7 /* WebView.swift in Sources */ = {isa = PBXBuildFile; fileRef = B752915B2755784800D4A8A7 /* WebView.swift */; };
		B752915E2755787900D4A8A7 /* ActivityIndictor.swift in Sources */ = {isa = PBXBuildFile; fileRef = B752915D2755787800D4A8A7 /* ActivityIndictor.swift */; };
/* End PBXBuildFile section */

/* Begin PBXContainerItemProxy section */
		B752913527555A6400D4A8A7 /* PBXContainerItemProxy */ = {
			isa = PBXContainerItemProxy;
			containerPortal = B752911C27555A6200D4A8A7 /* Project object */;
			proxyType = 1;
			remoteGlobalIDString = B752912327555A6200D4A8A7;
			remoteInfo = H4X0R;
		};
		B752913F27555A6400D4A8A7 /* PBXContainerItemProxy */ = {
			isa = PBXContainerItemProxy;
			containerPortal = B752911C27555A6200D4A8A7 /* Project object */;
			proxyType = 1;
			remoteGlobalIDString = B752912327555A6200D4A8A7;
			remoteInfo = H4X0R;
		};
/* End PBXContainerItemProxy section */

/* Begin PBXFileReference section */
		B752912427555A6200D4A8A7 /* H4X0R.app */ = {isa = PBXFileReference; explicitFileType = wrapper.application; includeInIndex = 0; path = H4X0R.app; sourceTree = BUILT_PRODUCTS_DIR; };
		B752912727555A6200D4A8A7 /* H4X0RApp.swift */ = {isa = PBXFileReference; lastKnownFileType = sourcecode.swift; path = H4X0RApp.swift; sourceTree = "<group>"; };
		B752912927555A6200D4A8A7 /* ContentView.swift */ = {isa = PBXFileReference; lastKnownFileType = sourcecode.swift; path = ContentView.swift; sourceTree = "<group>"; };
		B752912B27555A6400D4A8A7 /* Assets.xcassets */ = {isa = PBXFileReference; lastKnownFileType = folder.assetcatalog; path = Assets.xcassets; sourceTree = "<group>"; };
		B752912E27555A6400D4A8A7 /* Preview Assets.xcassets */ = {isa = PBXFileReference; lastKnownFileType = folder.assetcatalog; path = "Preview Assets.xcassets"; sourceTree = "<group>"; };
		B752913427555A6400D4A8A7 /* H4X0RTests.xctest */ = {isa = PBXFileReference; explicitFileType = wrapper.cfbundle; includeInIndex = 0; path = H4X0RTests.xctest; sourceTree = BUILT_PRODUCTS_DIR; };
		B752913827555A6400D4A8A7 /* H4X0RTests.swift */ = {isa = PBXFileReference; lastKnownFileType = sourcecode.swift; path = H4X0RTests.swift; sourceTree = "<group>"; };
		B752913E27555A6400D4A8A7 /* H4X0RUITests.xctest */ = {isa = PBXFileReference; explicitFileType = wrapper.cfbundle; includeInIndex = 0; path = H4X0RUITests.xctest; sourceTree = BUILT_PRODUCTS_DIR; };
		B752914227555A6400D4A8A7 /* H4X0RUITests.swift */ = {isa = PBXFileReference; lastKnownFileType = sourcecode.swift; path = H4X0RUITests.swift; sourceTree = "<group>"; };
		B752914427555A6400D4A8A7 /* H4X0RUITestsLaunchTests.swift */ = {isa = PBXFileReference; lastKnownFileType = sourcecode.swift; path = H4X0RUITestsLaunchTests.swift; sourceTree = "<group>"; };
		B752915227555C9500D4A8A7 /* NetworkManager.swift */ = {isa = PBXFileReference; lastKnownFileType = sourcecode.swift; path = NetworkManager.swift; sourceTree = "<group>"; };
		B752915627555DD400D4A8A7 /* Post.swift */ = {isa = PBXFileReference; lastKnownFileType = sourcecode.swift; path = Post.swift; sourceTree = "<group>"; };
		B75291592755709C00D4A8A7 /* DetailsView.swift */ = {isa = PBXFileReference; lastKnownFileType = sourcecode.swift; path = DetailsView.swift; sourceTree = "<group>"; };
		B752915B2755784800D4A8A7 /* WebView.swift */ = {isa = PBXFileReference; lastKnownFileType = sourcecode.swift; path = WebView.swift; sourceTree = "<group>"; };
		B752915D2755787800D4A8A7 /* ActivityIndictor.swift */ = {isa = PBXFileReference; lastKnownFileType = sourcecode.swift; path = ActivityIndictor.swift; sourceTree = "<group>"; };
/* End PBXFileReference section */

/* Begin PBXFrameworksBuildPhase section */
		B752912127555A6200D4A8A7 /* Frameworks */ = {
			isa = PBXFrameworksBuildPhase;
			buildActionMask = 2147483647;
			files = (
			);
			runOnlyForDeploymentPostprocessing = 0;
		};
		B752913127555A6400D4A8A7 /* Frameworks */ = {
			isa = PBXFrameworksBuildPhase;
			buildActionMask = 2147483647;
			files = (
			);
			runOnlyForDeploymentPostprocessing = 0;
		};
		B752913B27555A6400D4A8A7 /* Frameworks */ = {
			isa = PBXFrameworksBuildPhase;
			buildActionMask = 2147483647;
			files = (
			);
			runOnlyForDeploymentPostprocessing = 0;
		};
/* End PBXFrameworksBuildPhase section */

/* Begin PBXGroup section */
		B752911B27555A6200D4A8A7 = {
			isa = PBXGroup;
			children = (
				B752912627555A6200D4A8A7 /* H4X0R */,
				B752913727555A6400D4A8A7 /* H4X0RTests */,
				B752914127555A6400D4A8A7 /* H4X0RUITests */,
				B752912527555A6200D4A8A7 /* Products */,
			);
			sourceTree = "<group>";
		};
		B752912527555A6200D4A8A7 /* Products */ = {
			isa = PBXGroup;
			children = (
				B752912427555A6200D4A8A7 /* H4X0R.app */,
				B752913427555A6400D4A8A7 /* H4X0RTests.xctest */,
				B752913E27555A6400D4A8A7 /* H4X0RUITests.xctest */,
			);
			name = Products;
			sourceTree = "<group>";
		};
		B752912627555A6200D4A8A7 /* H4X0R */ = {
			isa = PBXGroup;
			children = (
				B752912727555A6200D4A8A7 /* H4X0RApp.swift */,
				B752915127555C8500D4A8A7 /* Views */,
				B752912B27555A6400D4A8A7 /* Assets.xcassets */,
				B752912D27555A6400D4A8A7 /* Preview Content */,
				B752915527555CAF00D4A8A7 /* Controllers */,
				B752915827555DD800D4A8A7 /* models */,
			);
			path = H4X0R;
			sourceTree = "<group>";
		};
		B752912D27555A6400D4A8A7 /* Preview Content */ = {
			isa = PBXGroup;
			children = (
				B752912E27555A6400D4A8A7 /* Preview Assets.xcassets */,
			);
			path = "Preview Content";
			sourceTree = "<group>";
		};
		B752913727555A6400D4A8A7 /* H4X0RTests */ = {
			isa = PBXGroup;
			children = (
				B752913827555A6400D4A8A7 /* H4X0RTests.swift */,
			);
			path = H4X0RTests;
			sourceTree = "<group>";
		};
		B752914127555A6400D4A8A7 /* H4X0RUITests */ = {
			isa = PBXGroup;
			children = (
				B752914227555A6400D4A8A7 /* H4X0RUITests.swift */,
				B752914427555A6400D4A8A7 /* H4X0RUITestsLaunchTests.swift */,
			);
			path = H4X0RUITests;
			sourceTree = "<group>";
		};
		B752915127555C8500D4A8A7 /* Views */ = {
			isa = PBXGroup;
			children = (
				B752912927555A6200D4A8A7 /* ContentView.swift */,
				B75291592755709C00D4A8A7 /* DetailsView.swift */,
				B752915B2755784800D4A8A7 /* WebView.swift */,
				B752915D2755787800D4A8A7 /* ActivityIndictor.swift */,
			);
			path = Views;
			sourceTree = "<group>";
		};
		B752915527555CAF00D4A8A7 /* Controllers */ = {
			isa = PBXGroup;
			children = (
				B752915227555C9500D4A8A7 /* NetworkManager.swift */,
			);
			path = Controllers;
			sourceTree = "<group>";
		};
		B752915827555DD800D4A8A7 /* models */ = {
			isa = PBXGroup;
			children = (
				B752915627555DD400D4A8A7 /* Post.swift */,
			);
			path = models;
			sourceTree = "<group>";
		};
/* End PBXGroup section */

/* Begin PBXNativeTarget section */
		B752912327555A6200D4A8A7 /* H4X0R */ = {
			isa = PBXNativeTarget;
			buildConfigurationList = B752914827555A6400D4A8A7 /* Build configuration list for PBXNativeTarget "H4X0R" */;
			buildPhases = (
				B752912027555A6200D4A8A7 /* Sources */,
				B752912127555A6200D4A8A7 /* Frameworks */,
				B752912227555A6200D4A8A7 /* Resources */,
			);
			buildRules = (
			);
			dependencies = (
			);
			name = H4X0R;
			productName = H4X0R;
			productReference = B752912427555A6200D4A8A7 /* H4X0R.app */;
			productType = "com.apple.product-type.application";
		};
		B752913327555A6400D4A8A7 /* H4X0RTests */ = {
			isa = PBXNativeTarget;
			buildConfigurationList = B752914B27555A6400D4A8A7 /* Build configuration list for PBXNativeTarget "H4X0RTests" */;
			buildPhases = (
				B752913027555A6400D4A8A7 /* Sources */,
				B752913127555A6400D4A8A7 /* Frameworks */,
				B752913227555A6400D4A8A7 /* Resources */,
			);
			buildRules = (
			);
			dependencies = (
				B752913627555A6400D4A8A7 /* PBXTargetDependency */,
			);
			name = H4X0RTests;
			productName = H4X0RTests;
			productReference = B752913427555A6400D4A8A7 /* H4X0RTests.xctest */;
			productType = "com.apple.product-type.bundle.unit-test";
		};
		B752913D27555A6400D4A8A7 /* H4X0RUITests */ = {
			isa = PBXNativeTarget;
			buildConfigurationList = B752914E27555A6400D4A8A7 /* Build configuration list for PBXNativeTarget "H4X0RUITests" */;
			buildPhases = (
				B752913A27555A6400D4A8A7 /* Sources */,
				B752913B27555A6400D4A8A7 /* Frameworks */,
				B752913C27555A6400D4A8A7 /* Resources */,
			);
			buildRules = (
			);
			dependencies = (
				B752914027555A6400D4A8A7 /* PBXTargetDependency */,
			);
			name = H4X0RUITests;
			productName = H4X0RUITests;
			productReference = B752913E27555A6400D4A8A7 /* H4X0RUITests.xctest */;
			productType = "com.apple.product-type.bundle.ui-testing";
		};
/* End PBXNativeTarget section */

/* Begin PBXProject section */
		B752911C27555A6200D4A8A7 /* Project object */ = {
			isa = PBXProject;
			attributes = {
				BuildIndependentTargetsInParallel = 1;
				LastSwiftUpdateCheck = 1310;
				LastUpgradeCheck = 1310;
				TargetAttributes = {
					B752912327555A6200D4A8A7 = {
						CreatedOnToolsVersion = 13.1;
					};
					B752913327555A6400D4A8A7 = {
						CreatedOnToolsVersion = 13.1;
						TestTargetID = B752912327555A6200D4A8A7;
					};
					B752913D27555A6400D4A8A7 = {
						CreatedOnToolsVersion = 13.1;
						TestTargetID = B752912327555A6200D4A8A7;
					};
				};
			};
			buildConfigurationList = B752911F27555A6200D4A8A7 /* Build configuration list for PBXProject "H4X0R" */;
			compatibilityVersion = "Xcode 13.0";
			developmentRegion = en;
			hasScannedForEncodings = 0;
			knownRegions = (
				en,
				Base,
			);
			mainGroup = B752911B27555A6200D4A8A7;
			productRefGroup = B752912527555A6200D4A8A7 /* Products */;
			projectDirPath = "";
			projectRoot = "";
			targets = (
				B752912327555A6200D4A8A7 /* H4X0R */,
				B752913327555A6400D4A8A7 /* H4X0RTests */,
				B752913D27555A6400D4A8A7 /* H4X0RUITests */,
			);
		};
/* End PBXProject section */

/* Begin PBXResourcesBuildPhase section */
		B752912227555A6200D4A8A7 /* Resources */ = {
			isa = PBXResourcesBuildPhase;
			buildActionMask = 2147483647;
			files = (
				B752912F27555A6400D4A8A7 /* Preview Assets.xcassets in Resources */,
				B752912C27555A6400D4A8A7 /* Assets.xcassets in Resources */,
			);
			runOnlyForDeploymentPostprocessing = 0;
		};
		B752913227555A6400D4A8A7 /* Resources */ = {
			isa = PBXResourcesBuildPhase;
			buildActionMask = 2147483647;
			files = (
			);
			runOnlyForDeploymentPostprocessing = 0;
		};
		B752913C27555A6400D4A8A7 /* Resources */ = {
			isa = PBXResourcesBuildPhase;
			buildActionMask = 2147483647;
			files = (
			);
			runOnlyForDeploymentPostprocessing = 0;
		};
/* End PBXResourcesBuildPhase section */

/* Begin PBXSourcesBuildPhase section */
		B752912027555A6200D4A8A7 /* Sources */ = {
			isa = PBXSourcesBuildPhase;
			buildActionMask = 2147483647;
			files = (
				B752912A27555A6200D4A8A7 /* ContentView.swift in Sources */,
				B752915A2755709C00D4A8A7 /* DetailsView.swift in Sources */,
				B752915327555C9500D4A8A7 /* NetworkManager.swift in Sources */,
				B752915C2755784800D4A8A7 /* WebView.swift in Sources */,
				B752912827555A6200D4A8A7 /* H4X0RApp.swift in Sources */,
				B752915727555DD400D4A8A7 /* Post.swift in Sources */,
				B752915E2755787900D4A8A7 /* ActivityIndictor.swift in Sources */,
			);
			runOnlyForDeploymentPostprocessing = 0;
		};
		B752913027555A6400D4A8A7 /* Sources */ = {
			isa = PBXSourcesBuildPhase;
			buildActionMask = 2147483647;
			files = (
				B752913927555A6400D4A8A7 /* H4X0RTests.swift in Sources */,
			);
			runOnlyForDeploymentPostprocessing = 0;
		};
		B752913A27555A6400D4A8A7 /* Sources */ = {
			isa = PBXSourcesBuildPhase;
			buildActionMask = 2147483647;
			files = (
				B752914327555A6400D4A8A7 /* H4X0RUITests.swift in Sources */,
				B752914527555A6400D4A8A7 /* H4X0RUITestsLaunchTests.swift in Sources */,
			);
			runOnlyForDeploymentPostprocessing = 0;
		};
/* End PBXSourcesBuildPhase section */

/* Begin PBXTargetDependency section */
		B752913627555A6400D4A8A7 /* PBXTargetDependency */ = {
			isa = PBXTargetDependency;
			target = B752912327555A6200D4A8A7 /* H4X0R */;
			targetProxy = B752913527555A6400D4A8A7 /* PBXContainerItemProxy */;
		};
		B752914027555A6400D4A8A7 /* PBXTargetDependency */ = {
			isa = PBXTargetDependency;
			target = B752912327555A6200D4A8A7 /* H4X0R */;
			targetProxy = B752913F27555A6400D4A8A7 /* PBXContainerItemProxy */;
		};
/* End PBXTargetDependency section */

/* Begin XCBuildConfiguration section */
		B752914627555A6400D4A8A7 /* Debug */ = {
			isa = XCBuildConfiguration;
			buildSettings = {
				ALWAYS_SEARCH_USER_PATHS = NO;
				CLANG_ANALYZER_NONNULL = YES;
				CLANG_ANALYZER_NUMBER_OBJECT_CONVERSION = YES_AGGRESSIVE;
				CLANG_CXX_LANGUAGE_STANDARD = "gnu++17";
				CLANG_CXX_LIBRARY = "libc++";
				CLANG_ENABLE_MODULES = YES;
				CLANG_ENABLE_OBJC_ARC = YES;
				CLANG_ENABLE_OBJC_WEAK = YES;
				CLANG_WARN_BLOCK_CAPTURE_AUTORELEASING = YES;
				CLANG_WARN_BOOL_CONVERSION = YES;
				CLANG_WARN_COMMA = YES;
				CLANG_WARN_CONSTANT_CONVERSION = YES;
				CLANG_WARN_DEPRECATED_OBJC_IMPLEMENTATIONS = YES;
				CLANG_WARN_DIRECT_OBJC_ISA_USAGE = YES_ERROR;
				CLANG_WARN_DOCUMENTATION_COMMENTS = YES;
				CLANG_WARN_EMPTY_BODY = YES;
				CLANG_WARN_ENUM_CONVERSION = YES;
				CLANG_WARN_INFINITE_RECURSION = YES;
				CLANG_WARN_INT_CONVERSION = YES;
				CLANG_WARN_NON_LITERAL_NULL_CONVERSION = YES;
				CLANG_WARN_OBJC_IMPLICIT_RETAIN_SELF = YES;
				CLANG_WARN_OBJC_LITERAL_CONVERSION = YES;
				CLANG_WARN_OBJC_ROOT_CLASS = YES_ERROR;
				CLANG_WARN_QUOTED_INCLUDE_IN_FRAMEWORK_HEADER = YES;
				CLANG_WARN_RANGE_LOOP_ANALYSIS = YES;
				CLANG_WARN_STRICT_PROTOTYPES = YES;
				CLANG_WARN_SUSPICIOUS_MOVE = YES;
				CLANG_WARN_UNGUARDED_AVAILABILITY = YES_AGGRESSIVE;
				CLANG_WARN_UNREACHABLE_CODE = YES;
				CLANG_WARN__DUPLICATE_METHOD_MATCH = YES;
				COPY_PHASE_STRIP = NO;
				DEBUG_INFORMATION_FORMAT = dwarf;
				ENABLE_STRICT_OBJC_MSGSEND = YES;
				ENABLE_TESTABILITY = YES;
				GCC_C_LANGUAGE_STANDARD = gnu11;
				GCC_DYNAMIC_NO_PIC = NO;
				GCC_NO_COMMON_BLOCKS = YES;
				GCC_OPTIMIZATION_LEVEL = 0;
				GCC_PREPROCESSOR_DEFINITIONS = (
					"DEBUG=1",
					"$(inherited)",
				);
				GCC_WARN_64_TO_32_BIT_CONVERSION = YES;
				GCC_WARN_ABOUT_RETURN_TYPE = YES_ERROR;
				GCC_WARN_UNDECLARED_SELECTOR = YES;
				GCC_WARN_UNINITIALIZED_AUTOS = YES_AGGRESSIVE;
				GCC_WARN_UNUSED_FUNCTION = YES;
				GCC_WARN_UNUSED_VARIABLE = YES;
				IPHONEOS_DEPLOYMENT_TARGET = 15.0;
				MTL_ENABLE_DEBUG_INFO = INCLUDE_SOURCE;
				MTL_FAST_MATH = YES;
				ONLY_ACTIVE_ARCH = YES;
				SDKROOT = iphoneos;
				SWIFT_ACTIVE_COMPILATION_CONDITIONS = DEBUG;
				SWIFT_OPTIMIZATION_LEVEL = "-Onone";
			};
			name = Debug;
		};
		B752914727555A6400D4A8A7 /* Release */ = {
			isa = XCBuildConfiguration;
			buildSettings = {
				ALWAYS_SEARCH_USER_PATHS = NO;
				CLANG_ANALYZER_NONNULL = YES;
				CLANG_ANALYZER_NUMBER_OBJECT_CONVERSION = YES_AGGRESSIVE;
				CLANG_CXX_LANGUAGE_STANDARD = "gnu++17";
				CLANG_CXX_LIBRARY = "libc++";
				CLANG_ENABLE_MODULES = YES;
				CLANG_ENABLE_OBJC_ARC = YES;
				CLANG_ENABLE_OBJC_WEAK = YES;
				CLANG_WARN_BLOCK_CAPTURE_AUTORELEASING = YES;
				CLANG_WARN_BOOL_CONVERSION = YES;
				CLANG_WARN_COMMA = YES;
				CLANG_WARN_CONSTANT_CONVERSION = YES;
				CLANG_WARN_DEPRECATED_OBJC_IMPLEMENTATIONS = YES;
				CLANG_WARN_DIRECT_OBJC_ISA_USAGE = YES_ERROR;
				CLANG_WARN_DOCUMENTATION_COMMENTS = YES;
				CLANG_WARN_EMPTY_BODY = YES;
				CLANG_WARN_ENUM_CONVERSION = YES;
				CLANG_WARN_INFINITE_RECURSION = YES;
				CLANG_WARN_INT_CONVERSION = YES;
				CLANG_WARN_NON_LITERAL_NULL_CONVERSION = YES;
				CLANG_WARN_OBJC_IMPLICIT_RETAIN_SELF = YES;
				CLANG_WARN_OBJC_LITERAL_CONVERSION = YES;
				CLANG_WARN_OBJC_ROOT_CLASS = YES_ERROR;
				CLANG_WARN_QUOTED_INCLUDE_IN_FRAMEWORK_HEADER = YES;
				CLANG_WARN_RANGE_LOOP_ANALYSIS = YES;
				CLANG_WARN_STRICT_PROTOTYPES = YES;
				CLANG_WARN_SUSPICIOUS_MOVE = YES;
				CLANG_WARN_UNGUARDED_AVAILABILITY = YES_AGGRESSIVE;
				CLANG_WARN_UNREACHABLE_CODE = YES;
				CLANG_WARN__DUPLICATE_METHOD_MATCH = YES;
				COPY_PHASE_STRIP = NO;
				DEBUG_INFORMATION_FORMAT = "dwarf-with-dsym";
				ENABLE_NS_ASSERTIONS = NO;
				ENABLE_STRICT_OBJC_MSGSEND = YES;
				GCC_C_LANGUAGE_STANDARD = gnu11;
				GCC_NO_COMMON_BLOCKS = YES;
				GCC_WARN_64_TO_32_BIT_CONVERSION = YES;
				GCC_WARN_ABOUT_RETURN_TYPE = YES_ERROR;
				GCC_WARN_UNDECLARED_SELECTOR = YES;
				GCC_WARN_UNINITIALIZED_AUTOS = YES_AGGRESSIVE;
				GCC_WARN_UNUSED_FUNCTION = YES;
				GCC_WARN_UNUSED_VARIABLE = YES;
				IPHONEOS_DEPLOYMENT_TARGET = 15.0;
				MTL_ENABLE_DEBUG_INFO = NO;
				MTL_FAST_MATH = YES;
				SDKROOT = iphoneos;
				SWIFT_COMPILATION_MODE = wholemodule;
				SWIFT_OPTIMIZATION_LEVEL = "-O";
				VALIDATE_PRODUCT = YES;
			};
			name = Release;
		};
		B752914927555A6400D4A8A7 /* Debug */ = {
			isa = XCBuildConfiguration;
			buildSettings = {
				ASSETCATALOG_COMPILER_APPICON_NAME = AppIcon;
				ASSETCATALOG_COMPILER_GLOBAL_ACCENT_COLOR_NAME = AccentColor;
				CODE_SIGN_STYLE = Automatic;
				CURRENT_PROJECT_VERSION = 1;
				DEVELOPMENT_ASSET_PATHS = "\"H4X0R/Preview Content\"";
				ENABLE_PREVIEWS = YES;
				GENERATE_INFOPLIST_FILE = YES;
				INFOPLIST_KEY_UIApplicationSceneManifest_Generation = YES;
				INFOPLIST_KEY_UIApplicationSupportsIndirectInputEvents = YES;
				INFOPLIST_KEY_UILaunchScreen_Generation = YES;
				INFOPLIST_KEY_UISupportedInterfaceOrientations_iPad = "UIInterfaceOrientationPortrait UIInterfaceOrientationPortraitUpsideDown UIInterfaceOrientationLandscapeLeft UIInterfaceOrientationLandscapeRight";
				INFOPLIST_KEY_UISupportedInterfaceOrientations_iPhone = "UIInterfaceOrientationPortrait UIInterfaceOrientationLandscapeLeft UIInterfaceOrientationLandscapeRight";
				LD_RUNPATH_SEARCH_PATHS = (
					"$(inherited)",
					"@executable_path/Frameworks",
				);
				MARKETING_VERSION = 1.0;
				PRODUCT_BUNDLE_IDENTIFIER = com.nasr.H4X0R;
				PRODUCT_NAME = "$(TARGET_NAME)";
				SWIFT_EMIT_LOC_STRINGS = YES;
				SWIFT_VERSION = 5.0;
				TARGETED_DEVICE_FAMILY = "1,2";
			};
			name = Debug;
		};
		B752914A27555A6400D4A8A7 /* Release */ = {
			isa = XCBuildConfiguration;
			buildSettings = {
				ASSETCATALOG_COMPILER_APPICON_NAME = AppIcon;
				ASSETCATALOG_COMPILER_GLOBAL_ACCENT_COLOR_NAME = AccentColor;
				CODE_SIGN_STYLE = Automatic;
				CURRENT_PROJECT_VERSION = 1;
				DEVELOPMENT_ASSET_PATHS = "\"H4X0R/Preview Content\"";
				ENABLE_PREVIEWS = YES;
				GENERATE_INFOPLIST_FILE = YES;
				INFOPLIST_KEY_UIApplicationSceneManifest_Generation = YES;
				INFOPLIST_KEY_UIApplicationSupportsIndirectInputEvents = YES;
				INFOPLIST_KEY_UILaunchScreen_Generation = YES;
				INFOPLIST_KEY_UISupportedInterfaceOrientations_iPad = "UIInterfaceOrientationPortrait UIInterfaceOrientationPortraitUpsideDown UIInterfaceOrientationLandscapeLeft UIInterfaceOrientationLandscapeRight";
				INFOPLIST_KEY_UISupportedInterfaceOrientations_iPhone = "UIInterfaceOrientationPortrait UIInterfaceOrientationLandscapeLeft UIInterfaceOrientationLandscapeRight";
				LD_RUNPATH_SEARCH_PATHS = (
					"$(inherited)",
					"@executable_path/Frameworks",
				);
				MARKETING_VERSION = 1.0;
				PRODUCT_BUNDLE_IDENTIFIER = com.nasr.H4X0R;
				PRODUCT_NAME = "$(TARGET_NAME)";
				SWIFT_EMIT_LOC_STRINGS = YES;
				SWIFT_VERSION = 5.0;
				TARGETED_DEVICE_FAMILY = "1,2";
			};
			name = Release;
		};
		B752914C27555A6400D4A8A7 /* Debug */ = {
			isa = XCBuildConfiguration;
			buildSettings = {
				ALWAYS_EMBED_SWIFT_STANDARD_LIBRARIES = YES;
				BUNDLE_LOADER = "$(TEST_HOST)";
				CODE_SIGN_STYLE = Automatic;
				CURRENT_PROJECT_VERSION = 1;
				GENERATE_INFOPLIST_FILE = YES;
				IPHONEOS_DEPLOYMENT_TARGET = 15.0;
				LD_RUNPATH_SEARCH_PATHS = (
					"$(inherited)",
					"@executable_path/Frameworks",
					"@loader_path/Frameworks",
				);
				MARKETING_VERSION = 1.0;
				PRODUCT_BUNDLE_IDENTIFIER = com.nasr.H4X0RTests;
				PRODUCT_NAME = "$(TARGET_NAME)";
				SWIFT_EMIT_LOC_STRINGS = NO;
				SWIFT_VERSION = 5.0;
				TARGETED_DEVICE_FAMILY = "1,2";
				TEST_HOST = "$(BUILT_PRODUCTS_DIR)/H4X0R.app/H4X0R";
			};
			name = Debug;
		};
		B752914D27555A6400D4A8A7 /* Release */ = {
			isa = XCBuildConfiguration;
			buildSettings = {
				ALWAYS_EMBED_SWIFT_STANDARD_LIBRARIES = YES;
				BUNDLE_LOADER = "$(TEST_HOST)";
				CODE_SIGN_STYLE = Automatic;
				CURRENT_PROJECT_VERSION = 1;
				GENERATE_INFOPLIST_FILE = YES;
				IPHONEOS_DEPLOYMENT_TARGET = 15.0;
				LD_RUNPATH_SEARCH_PATHS = (
					"$(inherited)",
					"@executable_path/Frameworks",
					"@loader_path/Frameworks",
				);
				MARKETING_VERSION = 1.0;
				PRODUCT_BUNDLE_IDENTIFIER = com.nasr.H4X0RTests;
				PRODUCT_NAME = "$(TARGET_NAME)";
				SWIFT_EMIT_LOC_STRINGS = NO;
				SWIFT_VERSION = 5.0;
				TARGETED_DEVICE_FAMILY = "1,2";
				TEST_HOST = "$(BUILT_PRODUCTS_DIR)/H4X0R.app/H4X0R";
			};
			name = Release;
		};
		B752914F27555A6400D4A8A7 /* Debug */ = {
			isa = XCBuildConfiguration;
			buildSettings = {
				ALWAYS_EMBED_SWIFT_STANDARD_LIBRARIES = YES;
				CODE_SIGN_STYLE = Automatic;
				CURRENT_PROJECT_VERSION = 1;
				GENERATE_INFOPLIST_FILE = YES;
				LD_RUNPATH_SEARCH_PATHS = (
					"$(inherited)",
					"@executable_path/Frameworks",
					"@loader_path/Frameworks",
				);
				MARKETING_VERSION = 1.0;
				PRODUCT_BUNDLE_IDENTIFIER = com.nasr.H4X0RUITests;
				PRODUCT_NAME = "$(TARGET_NAME)";
				SWIFT_EMIT_LOC_STRINGS = NO;
				SWIFT_VERSION = 5.0;
				TARGETED_DEVICE_FAMILY = "1,2";
				TEST_TARGET_NAME = H4X0R;
			};
			name = Debug;
		};
		B752915027555A6400D4A8A7 /* Release */ = {
			isa = XCBuildConfiguration;
			buildSettings = {
				ALWAYS_EMBED_SWIFT_STANDARD_LIBRARIES = YES;
				CODE_SIGN_STYLE = Automatic;
				CURRENT_PROJECT_VERSION = 1;
				GENERATE_INFOPLIST_FILE = YES;
				LD_RUNPATH_SEARCH_PATHS = (
					"$(inherited)",
					"@executable_path/Frameworks",
					"@loader_path/Frameworks",
				);
				MARKETING_VERSION = 1.0;
				PRODUCT_BUNDLE_IDENTIFIER = com.nasr.H4X0RUITests;
				PRODUCT_NAME = "$(TARGET_NAME)";
				SWIFT_EMIT_LOC_STRINGS = NO;
				SWIFT_VERSION = 5.0;
				TARGETED_DEVICE_FAMILY = "1,2";
				TEST_TARGET_NAME = H4X0R;
			};
			name = Release;
		};
/* End XCBuildConfiguration section */

/* Begin XCConfigurationList section */
		B752911F27555A6200D4A8A7 /* Build configuration list for PBXProject "H4X0R" */ = {
			isa = XCConfigurationList;
			buildConfigurations = (
				B752914627555A6400D4A8A7 /* Debug */,
				B752914727555A6400D4A8A7 /* Release */,
			);
			defaultConfigurationIsVisible = 0;
			defaultConfigurationName = Release;
		};
		B752914827555A6400D4A8A7 /* Build configuration list for PBXNativeTarget "H4X0R" */ = {
			isa = XCConfigurationList;
			buildConfigurations = (
				B752914927555A6400D4A8A7 /* Debug */,
				B752914A27555A6400D4A8A7 /* Release */,
			);
			defaultConfigurationIsVisible = 0;
			defaultConfigurationName = Release;
		};
		B752914B27555A6400D4A8A7 /* Build configuration list for PBXNativeTarget "H4X0RTests" */ = {
			isa = XCConfigurationList;
			buildConfigurations = (
				B752914C27555A6400D4A8A7 /* Debug */,
				B752914D27555A6400D4A8A7 /* Release */,
			);
			defaultConfigurationIsVisible = 0;
			defaultConfigurationName = Release;
		};
		B752914E27555A6400D4A8A7 /* Build configuration list for PBXNativeTarget "H4X0RUITests" */ = {
			isa = XCConfigurationList;
			buildConfigurations = (
				B752914F27555A6400D4A8A7 /* Debug */,
				B752915027555A6400D4A8A7 /* Release */,
			);
			defaultConfigurationIsVisible = 0;
			defaultConfigurationName = Release;
		};
/* End XCConfigurationList section */
	};
	rootObject = B752911C27555A6200D4A8A7 /* Project object */;
}
